hash: c2b1a0c798505bd053410d3f57d51512333f724411bb9752b6c0863f4bdb8f16
updated: 2019-03-14T20:47:21.827504-04:00
imports:
- name: github.com/DATA-DOG/go-sqlmock
  version: 3f9954f6f6697845b082ca57995849ddf614f450
- name: github.com/dgrijalva/jwt-go
  version: 06ea1031745cb8b3dab3f6a236daf2b0aa468b7e
- name: github.com/hpcloud/tail
  version: a30252cb686a21eb2d0b98132633053ec2f7f1e5
- name: github.com/husobee/vestigo
  version: f8f5b5dc2bd74408887fd4b462055e324c4cbd63
- name: github.com/konsorten/go-windows-terminal-sequences
  version: 5c8c8bd35d3832f5d134ae1e1e375b69a4d25242
- name: github.com/lib/pq
  version: 4ded0e9383f75c197b3a2aaa6d590ac52df6fd79
  subpackages:
  - oid
- name: github.com/onsi/ginkgo
  version: eea6ad008b96acdaa524f5b409513bf062b500ad
- name: github.com/onsi/gomega
  version: 90e289841c1ed79b7a598a7cd9959750cb5e89e2
- name: github.com/sirupsen/logrus
  version: dae0fa8d5b0c810a8ab733fbd5510c7cae84eca4
- name: golang.org/x/crypto
  version: 13931e22f9e72ea58bb73048bc752b48c6d4d4ac
  subpackages:
  - bcrypt
  - blowfish
  - ssh/terminal
- name: golang.org/x/net
  version: 5ccada7d0a7ba9aeb5d3aca8d3501b4c2a509fec
  subpackages:
  - html/charset
- name: golang.org/x/sys
  version: bb9c189858d91f42db229b04d45a4c3d23a7662a
  subpackages:
  - unix
  - windows
- name: golang.org/x/text
  version: f21a4dfb5e38f5895301dc265a8def02365cc3d0
  subpackages:
  - encoding
- name: gopkg.in/yaml.v2
  version: 51d6538a90f86fe93ac480b35f37b2be17fef232
testImports: []
